
Microsoft Visual Studio Solution File, Format Version 12.00
# Visual Studio Version 17
VisualStudioVersion = 17.11.35222.181
MinimumVisualStudioVersion = 10.0.40219.1
Project("{FAE04EC0-301F-11D3-BF4B-00C04F79EFBC}") = "FunctionApp3", "FunctionApp3.csproj", "{71D78CA9-FE32-4C06-B0A8-F97E6B137BDF}"
EndProject
Global
	GlobalSection(SolutionConfigurationPlatforms) = preSolution
		Debug|Any CPU = Debug|Any CPU
		Release|Any CPU = Release|Any CPU
	EndGlobalSection
	GlobalSection(ProjectConfigurationPlatforms) = postSolution
		{71D78CA9-FE32-4C06-B0A8-F97E6B137BDF}.Debug|Any CPU.ActiveCfg = Debug|Any CPU
		{71D78CA9-FE32-4C06-B0A8-F97E6B137BDF}.Debug|Any CPU.Build.0 = Debug|Any CPU
		{71D78CA9-FE32-4C06-B0A8-F97E6B137BDF}.Release|Any CPU.ActiveCfg = Release|Any CPU
		{71D78CA9-FE32-4C06-B0A8-F97E6B137BDF}.Release|Any CPU.Build.0 = Release|Any CPU
	EndGlobalSection
	GlobalSection(SolutionProperties) = preSolution
		HideSolutionNode = FALSE
	EndGlobalSection
	GlobalSection(ExtensibilityGlobals) = postSolution
		SolutionGuid = {D3B7C4F1-F024-4EE8-AE5A-C1D1A06CA836}
	EndGlobalSection
EndGlobal
